
Microsoft Visual Studio Solution File, Format Version 12.00
# Visual Studio 15
VisualStudioVersion = 15.0.26124.0
MinimumVisualStudioVersion = 15.0.26124.0
Project("{FAE04EC0-301F-11D3-BF4B-00C04F79EFBC}") = "AbreVinci.Amazon.DynamoDB.UnitTests", "AbreVinci.Amazon.DynamoDB.UnitTests\AbreVinci.Amazon.DynamoDB.UnitTests.csproj", "{1DB5CE4D-B9B1-4DBB-BD64-5C5496FC7BF8}"
EndProject
Project("{FAE04EC0-301F-11D3-BF4B-00C04F79EFBC}") = "AbreVinci.Amazon.DynamoDB", "AbreVinci.Amazon.DynamoDB\AbreVinci.Amazon.DynamoDB.csproj", "{E1B10F2D-83DF-4F4A-8C26-E4838C6A4234}"
EndProject
Project("{FAE04EC0-301F-11D3-BF4B-00C04F79EFBC}") = "AbreVinci.Amazon.DynamoDB.Default", "AbreVinci.Amazon.DynamoDB.Default\AbreVinci.Amazon.DynamoDB.Default.csproj", "{5D2BBD04-B50E-4BCE-9CE1-FC5F52BF085B}"
EndProject
Project("{FAE04EC0-301F-11D3-BF4B-00C04F79EFBC}") = "AbreVinci.Amazon.DynamoDB.Mock", "AbreVinci.Amazon.DynamoDB.Mock\AbreVinci.Amazon.DynamoDB.Mock.csproj", "{71B1AE31-8754-4A08-AF5B-EA7572166309}"
EndProject
Global
	GlobalSection(SolutionConfigurationPlatforms) = preSolution
		Debug|Any CPU = Debug|Any CPU
		Debug|x64 = Debug|x64
		Debug|x86 = Debug|x86
		Release|Any CPU = Release|Any CPU
		Release|x64 = Release|x64
		Release|x86 = Release|x86
	EndGlobalSection
	GlobalSection(SolutionProperties) = preSolution
		HideSolutionNode = FALSE
	EndGlobalSection
	GlobalSection(ProjectConfigurationPlatforms) = postSolution
		{1DB5CE4D-B9B1-4DBB-BD64-5C5496FC7BF8}.Debug|Any CPU.ActiveCfg = Debug|Any CPU
		{1DB5CE4D-B9B1-4DBB-BD64-5C5496FC7BF8}.Debug|Any CPU.Build.0 = Debug|Any CPU
		{1DB5CE4D-B9B1-4DBB-BD64-5C5496FC7BF8}.Debug|x64.ActiveCfg = Debug|Any CPU
		{1DB5CE4D-B9B1-4DBB-BD64-5C5496FC7BF8}.Debug|x64.Build.0 = Debug|Any CPU
		{1DB5CE4D-B9B1-4DBB-BD64-5C5496FC7BF8}.Debug|x86.ActiveCfg = Debug|Any CPU
		{1DB5CE4D-B9B1-4DBB-BD64-5C5496FC7BF8}.Debug|x86.Build.0 = Debug|Any CPU
		{1DB5CE4D-B9B1-4DBB-BD64-5C5496FC7BF8}.Release|Any CPU.ActiveCfg = Release|Any CPU
		{1DB5CE4D-B9B1-4DBB-BD64-5C5496FC7BF8}.Release|Any CPU.Build.0 = Release|Any CPU
		{1DB5CE4D-B9B1-4DBB-BD64-5C5496FC7BF8}.Release|x64.ActiveCfg = Release|Any CPU
		{1DB5CE4D-B9B1-4DBB-BD64-5C5496FC7BF8}.Release|x64.Build.0 = Release|Any CPU
		{1DB5CE4D-B9B1-4DBB-BD64-5C5496FC7BF8}.Release|x86.ActiveCfg = Release|Any CPU
		{1DB5CE4D-B9B1-4DBB-BD64-5C5496FC7BF8}.Release|x86.Build.0 = Release|Any CPU
		{E1B10F2D-83DF-4F4A-8C26-E4838C6A4234}.Debug|Any CPU.ActiveCfg = Debug|Any CPU
		{E1B10F2D-83DF-4F4A-8C26-E4838C6A4234}.Debug|Any CPU.Build.0 = Debug|Any CPU
		{E1B10F2D-83DF-4F4A-8C26-E4838C6A4234}.Debug|x64.ActiveCfg = Debug|Any CPU
		{E1B10F2D-83DF-4F4A-8C26-E4838C6A4234}.Debug|x64.Build.0 = Debug|Any CPU
		{E1B10F2D-83DF-4F4A-8C26-E4838C6A4234}.Debug|x86.ActiveCfg = Debug|Any CPU
		{E1B10F2D-83DF-4F4A-8C26-E4838C6A4234}.Debug|x86.Build.0 = Debug|Any CPU
		{E1B10F2D-83DF-4F4A-8C26-E4838C6A4234}.Release|Any CPU.ActiveCfg = Release|Any CPU
		{E1B10F2D-83DF-4F4A-8C26-E4838C6A4234}.Release|Any CPU.Build.0 = Release|Any CPU
		{E1B10F2D-83DF-4F4A-8C26-E4838C6A4234}.Release|x64.ActiveCfg = Release|Any CPU
		{E1B10F2D-83DF-4F4A-8C26-E4838C6A4234}.Release|x64.Build.0 = Release|Any CPU
		{E1B10F2D-83DF-4F4A-8C26-E4838C6A4234}.Release|x86.ActiveCfg = Release|Any CPU
		{E1B10F2D-83DF-4F4A-8C26-E4838C6A4234}.Release|x86.Build.0 = Release|Any CPU
		{5D2BBD04-B50E-4BCE-9CE1-FC5F52BF085B}.Debug|Any CPU.ActiveCfg = Debug|Any CPU
		{5D2BBD04-B50E-4BCE-9CE1-FC5F52BF085B}.Debug|Any CPU.Build.0 = Debug|Any CPU
		{5D2BBD04-B50E-4BCE-9CE1-FC5F52BF085B}.Debug|x64.ActiveCfg = Debug|Any CPU
		{5D2BBD04-B50E-4BCE-9CE1-FC5F52BF085B}.Debug|x64.Build.0 = Debug|Any CPU
		{5D2BBD04-B50E-4BCE-9CE1-FC5F52BF085B}.Debug|x86.ActiveCfg = Debug|Any CPU
		{5D2BBD04-B50E-4BCE-9CE1-FC5F52BF085B}.Debug|x86.Build.0 = Debug|Any CPU
		{5D2BBD04-B50E-4BCE-9CE1-FC5F52BF085B}.Release|Any CPU.ActiveCfg = Release|Any CPU
		{5D2BBD04-B50E-4BCE-9CE1-FC5F52BF085B}.Release|Any CPU.Build.0 = Release|Any CPU
		{5D2BBD04-B50E-4BCE-9CE1-FC5F52BF085B}.Release|x64.ActiveCfg = Release|Any CPU
		{5D2BBD04-B50E-4BCE-9CE1-FC5F52BF085B}.Release|x64.Build.0 = Release|Any CPU
		{5D2BBD04-B50E-4BCE-9CE1-FC5F52BF085B}.Release|x86.ActiveCfg = Release|Any CPU
		{5D2BBD04-B50E-4BCE-9CE1-FC5F52BF085B}.Release|x86.Build.0 = Release|Any CPU
		{71B1AE31-8754-4A08-AF5B-EA7572166309}.Debug|Any CPU.ActiveCfg = Debug|Any CPU
		{71B1AE31-8754-4A08-AF5B-EA7572166309}.Debug|Any CPU.Build.0 = Debug|Any CPU
		{71B1AE31-8754-4A08-AF5B-EA7572166309}.Debug|x64.ActiveCfg = Debug|Any CPU
		{71B1AE31-8754-4A08-AF5B-EA7572166309}.Debug|x64.Build.0 = Debug|Any CPU
		{71B1AE31-8754-4A08-AF5B-EA7572166309}.Debug|x86.ActiveCfg = Debug|Any CPU
		{71B1AE31-8754-4A08-AF5B-EA7572166309}.Debug|x86.Build.0 = Debug|Any CPU
		{71B1AE31-8754-4A08-AF5B-EA7572166309}.Release|Any CPU.ActiveCfg = Release|Any CPU
		{71B1AE31-8754-4A08-AF5B-EA7572166309}.Release|Any CPU.Build.0 = Release|Any CPU
		{71B1AE31-8754-4A08-AF5B-EA7572166309}.Release|x64.ActiveCfg = Release|Any CPU
		{71B1AE31-8754-4A08-AF5B-EA7572166309}.Release|x64.Build.0 = Release|Any CPU
		{71B1AE31-8754-4A08-AF5B-EA7572166309}.Release|x86.ActiveCfg = Release|Any CPU
		{71B1AE31-8754-4A08-AF5B-EA7572166309}.Release|x86.Build.0 = Release|Any CPU
	EndGlobalSection
EndGlobal
